
Microsoft Visual Studio Solution File, Format Version 12.00
# Visual Studio Version 17
VisualStudioVersion = 17.11.34929.205
MinimumVisualStudioVersion = 10.0.40219.1
Project("{8BC9CEB8-8B4A-11D0-8D11-00A0C91BC942}") = "CsvProcessor", "CsvProcessor\CsvProcessor.vcxproj", "{4F188729-348D-436C-97B5-1E83682B6F17}"
EndProject
Project("{2150E333-8FDC-42A3-9474-1A3956D46DE8}") = "Solution Items", "Solution Items", "{9690C094-7CB0-4454-A7A4-0164AC57141F}"
	ProjectSection(SolutionItems) = preProject
		Employee.csv = Employee.csv
	EndProjectSection
EndProject
Project("{8BC9CEB8-8B4A-11D0-8D11-00A0C91BC942}") = "LexerTest", "LexerTest\LexerTest.vcxproj", "{40362D05-1A0E-4CA7-B56A-B12E656054EF}"
EndProject
Project("{8BC9CEB8-8B4A-11D0-8D11-00A0C91BC942}") = "ParserTest", "ParserTest\ParserTest.vcxproj", "{0F6227BA-7641-4D7C-92B0-AE72405E0DB1}"
EndProject
Global
	GlobalSection(SolutionConfigurationPlatforms) = preSolution
		Debug|x64 = Debug|x64
		Debug|x86 = Debug|x86
		Release|x64 = Release|x64
		Release|x86 = Release|x86
	EndGlobalSection
	GlobalSection(ProjectConfigurationPlatforms) = postSolution
		{4F188729-348D-436C-97B5-1E83682B6F17}.Debug|x64.ActiveCfg = Debug|x64
		{4F188729-348D-436C-97B5-1E83682B6F17}.Debug|x64.Build.0 = Debug|x64
		{4F188729-348D-436C-97B5-1E83682B6F17}.Debug|x86.ActiveCfg = Debug|Win32
		{4F188729-348D-436C-97B5-1E83682B6F17}.Debug|x86.Build.0 = Debug|Win32
		{4F188729-348D-436C-97B5-1E83682B6F17}.Release|x64.ActiveCfg = Release|x64
		{4F188729-348D-436C-97B5-1E83682B6F17}.Release|x64.Build.0 = Release|x64
		{4F188729-348D-436C-97B5-1E83682B6F17}.Release|x86.ActiveCfg = Release|Win32
		{4F188729-348D-436C-97B5-1E83682B6F17}.Release|x86.Build.0 = Release|Win32
		{40362D05-1A0E-4CA7-B56A-B12E656054EF}.Debug|x64.ActiveCfg = Debug|x64
		{40362D05-1A0E-4CA7-B56A-B12E656054EF}.Debug|x64.Build.0 = Debug|x64
		{40362D05-1A0E-4CA7-B56A-B12E656054EF}.Debug|x86.ActiveCfg = Debug|Win32
		{40362D05-1A0E-4CA7-B56A-B12E656054EF}.Debug|x86.Build.0 = Debug|Win32
		{40362D05-1A0E-4CA7-B56A-B12E656054EF}.Release|x64.ActiveCfg = Release|x64
		{40362D05-1A0E-4CA7-B56A-B12E656054EF}.Release|x64.Build.0 = Release|x64
		{40362D05-1A0E-4CA7-B56A-B12E656054EF}.Release|x86.ActiveCfg = Release|Win32
		{40362D05-1A0E-4CA7-B56A-B12E656054EF}.Release|x86.Build.0 = Release|Win32
		{0F6227BA-7641-4D7C-92B0-AE72405E0DB1}.Debug|x64.ActiveCfg = Debug|x64
		{0F6227BA-7641-4D7C-92B0-AE72405E0DB1}.Debug|x64.Build.0 = Debug|x64
		{0F6227BA-7641-4D7C-92B0-AE72405E0DB1}.Debug|x86.ActiveCfg = Debug|Win32
		{0F6227BA-7641-4D7C-92B0-AE72405E0DB1}.Debug|x86.Build.0 = Debug|Win32
		{0F6227BA-7641-4D7C-92B0-AE72405E0DB1}.Release|x64.ActiveCfg = Release|x64
		{0F6227BA-7641-4D7C-92B0-AE72405E0DB1}.Release|x64.Build.0 = Release|x64
		{0F6227BA-7641-4D7C-92B0-AE72405E0DB1}.Release|x86.ActiveCfg = Release|Win32
		{0F6227BA-7641-4D7C-92B0-AE72405E0DB1}.Release|x86.Build.0 = Release|Win32
	EndGlobalSection
	GlobalSection(SolutionProperties) = preSolution
		HideSolutionNode = FALSE
	EndGlobalSection
	GlobalSection(ExtensibilityGlobals) = postSolution
		SolutionGuid = {E911D580-46E9-4E93-9849-ABE6599C5831}
	EndGlobalSection
EndGlobal
